{
  "name": "eks-terraform-distruction",
  "version": "1.0.0",
  "lockfileVersion": 2,
  "requires": true,
  "packages": {
    "": {
      "name": "eks-terraform-distruction",
      "version": "1.0.0",
      "license": "ISC",
      "dependencies": {
        "cron": "^3.3.1"
      }
    },
    "node_modules/@types/luxon": {
      "version": "3.4.2",
      "resolved": "https://registry.npmjs.org/@types/luxon/-/luxon-3.4.2.tgz",
      "integrity": "sha512-TifLZlFudklWlMBfhubvgqTXRzLDI5pCbGa4P8a3wPyUQSW+1xQ5eDsreP9DWHX3tjq1ke96uYG/nwundroWcA=="
    },
    "node_modules/cron": {
      "version": "3.3.1",
      "resolved": "https://registry.npmjs.org/cron/-/cron-3.3.1.tgz",
      "integrity": "sha512-KpvuzJEbeTMTfLsXhUuDfsFYr8s5roUlLKb4fa68GszWrA4783C7q6m9yj4vyc6neyD/V9e0YiADSX2c+yRDXg==",
      "dependencies": {
        "@types/luxon": "~3.4.0",
        "luxon": "~3.5.0"
      }
    },
    "node_modules/luxon": {
      "version": "3.5.0",
      "resolved": "https://registry.npmjs.org/luxon/-/luxon-3.5.0.tgz",
      "integrity": "sha512-rh+Zjr6DNfUYR3bPwJEnuwDdqMbxZW7LOQfUN4B54+Cl+0o5zaU9RJ6bcidfDtC1cWCZXQ+nvX8bf6bAji37QQ==",
      "engines": {
        "node": ">=12"
      }
    }
  },
  "dependencies": {
    "@types/luxon": {
      "version": "3.4.2",
      "resolved": "https://registry.npmjs.org/@types/luxon/-/luxon-3.4.2.tgz",
      "integrity": "sha512-TifLZlFudklWlMBfhubvgqTXRzLDI5pCbGa4P8a3wPyUQSW+1xQ5eDsreP9DWHX3tjq1ke96uYG/nwundroWcA=="
    },
    "cron": {
      "version": "3.3.1",
      "resolved": "https://registry.npmjs.org/cron/-/cron-3.3.1.tgz",
      "integrity": "sha512-KpvuzJEbeTMTfLsXhUuDfsFYr8s5roUlLKb4fa68GszWrA4783C7q6m9yj4vyc6neyD/V9e0YiADSX2c+yRDXg==",
      "requires": {
        "@types/luxon": "~3.4.0",
        "luxon": "~3.5.0"
      }
    },
    "luxon": {
      "version": "3.5.0",
      "resolved": "https://registry.npmjs.org/luxon/-/luxon-3.5.0.tgz",
      "integrity": "sha512-rh+Zjr6DNfUYR3bPwJEnuwDdqMbxZW7LOQfUN4B54+Cl+0o5zaU9RJ6bcidfDtC1cWCZXQ+nvX8bf6bAji37QQ=="
    }
  }
}
